
Microsoft Visual Studio Solution File, Format Version 12.00
# Visual Studio Version 17
VisualStudioVersion = 17.0.31903.59
MinimumVisualStudioVersion = 10.0.40219.1
Project("{FAE04EC0-301F-11D3-BF4B-00C04F79EFBC}") = "NumbersAsWordsLib", "NumbersAsWordsLib\NumbersAsWordsLib.csproj", "{E3235F12-490F-4FA5-B82A-12EF7DB8AFA4}"
EndProject
Project("{FAE04EC0-301F-11D3-BF4B-00C04F79EFBC}") = "NumbersAsWordsCmd", "NumbersAsWordsCmd\NumbersAsWordsCmd.csproj", "{FBD49B3A-A622-4D41-A800-2BB9626975C8}"
EndProject
Project("{FAE04EC0-301F-11D3-BF4B-00C04F79EFBC}") = "NumbersAsWordsTests", "NumbersAsWordsTests\NumbersAsWordsTests.csproj", "{7F8587B2-8039-4121-A3D6-7690E30D97C3}"
EndProject
Global
	GlobalSection(SolutionConfigurationPlatforms) = preSolution
		Debug|Any CPU = Debug|Any CPU
		Release|Any CPU = Release|Any CPU
	EndGlobalSection
	GlobalSection(SolutionProperties) = preSolution
		HideSolutionNode = FALSE
	EndGlobalSection
	GlobalSection(ProjectConfigurationPlatforms) = postSolution
		{E3235F12-490F-4FA5-B82A-12EF7DB8AFA4}.Debug|Any CPU.ActiveCfg = Debug|Any CPU
		{E3235F12-490F-4FA5-B82A-12EF7DB8AFA4}.Debug|Any CPU.Build.0 = Debug|Any CPU
		{E3235F12-490F-4FA5-B82A-12EF7DB8AFA4}.Release|Any CPU.ActiveCfg = Release|Any CPU
		{E3235F12-490F-4FA5-B82A-12EF7DB8AFA4}.Release|Any CPU.Build.0 = Release|Any CPU
		{FBD49B3A-A622-4D41-A800-2BB9626975C8}.Debug|Any CPU.ActiveCfg = Debug|Any CPU
		{FBD49B3A-A622-4D41-A800-2BB9626975C8}.Debug|Any CPU.Build.0 = Debug|Any CPU
		{FBD49B3A-A622-4D41-A800-2BB9626975C8}.Release|Any CPU.ActiveCfg = Release|Any CPU
		{FBD49B3A-A622-4D41-A800-2BB9626975C8}.Release|Any CPU.Build.0 = Release|Any CPU
		{7F8587B2-8039-4121-A3D6-7690E30D97C3}.Debug|Any CPU.ActiveCfg = Debug|Any CPU
		{7F8587B2-8039-4121-A3D6-7690E30D97C3}.Debug|Any CPU.Build.0 = Debug|Any CPU
		{7F8587B2-8039-4121-A3D6-7690E30D97C3}.Release|Any CPU.ActiveCfg = Release|Any CPU
		{7F8587B2-8039-4121-A3D6-7690E30D97C3}.Release|Any CPU.Build.0 = Release|Any CPU
	EndGlobalSection
EndGlobal
